
Microsoft Visual Studio Solution File, Format Version 12.00
# Visual Studio 15
VisualStudioVersion = 15.0.26127.3
MinimumVisualStudioVersion = 10.0.40219.1
Project("{FAE04EC0-301F-11D3-BF4B-00C04F79EFBC}") = "Livit.Web.Api", "Livit.Web.Api\Livit.Web.Api.csproj", "{CCF67DBE-608B-4216-8E2A-946ED78E9169}"
EndProject
Project("{FAE04EC0-301F-11D3-BF4B-00C04F79EFBC}") = "Livit.Infrastructure", "Livit.Infrastructure\Livit.Infrastructure.csproj", "{3B0A7074-C0B1-49DC-889D-7F9B44309F7E}"
EndProject
Project("{FAE04EC0-301F-11D3-BF4B-00C04F79EFBC}") = "Livit.Web.Infrastructure", "Livit.Web.Infrastructure\Livit.Web.Infrastructure.csproj", "{1BA6111B-622D-4FF9-B2DA-379E32B29D76}"
EndProject
Project("{FAE04EC0-301F-11D3-BF4B-00C04F79EFBC}") = "Livit.Service", "Livit.Service\Livit.Service.csproj", "{ECE0B088-CED7-4481-A6ED-9B9CB0288F5D}"
EndProject
Project("{FAE04EC0-301F-11D3-BF4B-00C04F79EFBC}") = "Livit.Service.Google", "Livit.Service.Google\Livit.Service.Google.csproj", "{EF637B56-E0CB-4992-9FD3-6555C66D2E9D}"
EndProject
Project("{FAE04EC0-301F-11D3-BF4B-00C04F79EFBC}") = "Livit.Web.ViewModel", "Livit.Web.ViewModel\Livit.Web.ViewModel.csproj", "{4907A732-05AC-4E3D-8BEE-D937078658C5}"
EndProject
Project("{FAE04EC0-301F-11D3-BF4B-00C04F79EFBC}") = "Livit.Model", "Livit.Model\Livit.Model.csproj", "{955D99A9-A543-48E7-BBE2-BF5325D35FA6}"
EndProject
Project("{9A19103F-16F7-4668-BE54-9A1E7A4F7556}") = "Livit.Data", "Livit.Data\Livit.Data.csproj", "{BACEDE0A-5B51-4BC5-BCDE-8F852951A657}"
EndProject
Project("{9A19103F-16F7-4668-BE54-9A1E7A4F7556}") = "Livit.Data.EntityFramework", "Livit.Data.EntityFramework\Livit.Data.EntityFramework.csproj", "{815AB610-B283-49EB-AE70-4D22B96FAF73}"
EndProject
Project("{2150E333-8FDC-42A3-9474-1A3956D46DE8}") = "Tests", "Tests", "{5478EF60-E230-4F95-81EF-AA80A2382D4F}"
EndProject
Global
	GlobalSection(SolutionConfigurationPlatforms) = preSolution
		Debug|Any CPU = Debug|Any CPU
		Debug|x64 = Debug|x64
		Debug|x86 = Debug|x86
		Release|Any CPU = Release|Any CPU
		Release|x64 = Release|x64
		Release|x86 = Release|x86
	EndGlobalSection
	GlobalSection(ProjectConfigurationPlatforms) = postSolution
		{CCF67DBE-608B-4216-8E2A-946ED78E9169}.Debug|Any CPU.ActiveCfg = Debug|Any CPU
		{CCF67DBE-608B-4216-8E2A-946ED78E9169}.Debug|Any CPU.Build.0 = Debug|Any CPU
		{CCF67DBE-608B-4216-8E2A-946ED78E9169}.Debug|x64.ActiveCfg = Debug|x64
		{CCF67DBE-608B-4216-8E2A-946ED78E9169}.Debug|x64.Build.0 = Debug|x64
		{CCF67DBE-608B-4216-8E2A-946ED78E9169}.Debug|x86.ActiveCfg = Debug|x86
		{CCF67DBE-608B-4216-8E2A-946ED78E9169}.Debug|x86.Build.0 = Debug|x86
		{CCF67DBE-608B-4216-8E2A-946ED78E9169}.Release|Any CPU.ActiveCfg = Release|Any CPU
		{CCF67DBE-608B-4216-8E2A-946ED78E9169}.Release|Any CPU.Build.0 = Release|Any CPU
		{CCF67DBE-608B-4216-8E2A-946ED78E9169}.Release|x64.ActiveCfg = Release|x64
		{CCF67DBE-608B-4216-8E2A-946ED78E9169}.Release|x64.Build.0 = Release|x64
		{CCF67DBE-608B-4216-8E2A-946ED78E9169}.Release|x86.ActiveCfg = Release|x86
		{CCF67DBE-608B-4216-8E2A-946ED78E9169}.Release|x86.Build.0 = Release|x86
		{3B0A7074-C0B1-49DC-889D-7F9B44309F7E}.Debug|Any CPU.ActiveCfg = Debug|Any CPU
		{3B0A7074-C0B1-49DC-889D-7F9B44309F7E}.Debug|Any CPU.Build.0 = Debug|Any CPU
		{3B0A7074-C0B1-49DC-889D-7F9B44309F7E}.Debug|x64.ActiveCfg = Debug|x64
		{3B0A7074-C0B1-49DC-889D-7F9B44309F7E}.Debug|x64.Build.0 = Debug|x64
		{3B0A7074-C0B1-49DC-889D-7F9B44309F7E}.Debug|x86.ActiveCfg = Debug|x86
		{3B0A7074-C0B1-49DC-889D-7F9B44309F7E}.Debug|x86.Build.0 = Debug|x86
		{3B0A7074-C0B1-49DC-889D-7F9B44309F7E}.Release|Any CPU.ActiveCfg = Release|Any CPU
		{3B0A7074-C0B1-49DC-889D-7F9B44309F7E}.Release|Any CPU.Build.0 = Release|Any CPU
		{3B0A7074-C0B1-49DC-889D-7F9B44309F7E}.Release|x64.ActiveCfg = Release|x64
		{3B0A7074-C0B1-49DC-889D-7F9B44309F7E}.Release|x64.Build.0 = Release|x64
		{3B0A7074-C0B1-49DC-889D-7F9B44309F7E}.Release|x86.ActiveCfg = Release|x86
		{3B0A7074-C0B1-49DC-889D-7F9B44309F7E}.Release|x86.Build.0 = Release|x86
		{1BA6111B-622D-4FF9-B2DA-379E32B29D76}.Debug|Any CPU.ActiveCfg = Debug|Any CPU
		{1BA6111B-622D-4FF9-B2DA-379E32B29D76}.Debug|Any CPU.Build.0 = Debug|Any CPU
		{1BA6111B-622D-4FF9-B2DA-379E32B29D76}.Debug|x64.ActiveCfg = Debug|x64
		{1BA6111B-622D-4FF9-B2DA-379E32B29D76}.Debug|x64.Build.0 = Debug|x64
		{1BA6111B-622D-4FF9-B2DA-379E32B29D76}.Debug|x86.ActiveCfg = Debug|x86
		{1BA6111B-622D-4FF9-B2DA-379E32B29D76}.Debug|x86.Build.0 = Debug|x86
		{1BA6111B-622D-4FF9-B2DA-379E32B29D76}.Release|Any CPU.ActiveCfg = Release|Any CPU
		{1BA6111B-622D-4FF9-B2DA-379E32B29D76}.Release|Any CPU.Build.0 = Release|Any CPU
		{1BA6111B-622D-4FF9-B2DA-379E32B29D76}.Release|x64.ActiveCfg = Release|x64
		{1BA6111B-622D-4FF9-B2DA-379E32B29D76}.Release|x64.Build.0 = Release|x64
		{1BA6111B-622D-4FF9-B2DA-379E32B29D76}.Release|x86.ActiveCfg = Release|x86
		{1BA6111B-622D-4FF9-B2DA-379E32B29D76}.Release|x86.Build.0 = Release|x86
		{ECE0B088-CED7-4481-A6ED-9B9CB0288F5D}.Debug|Any CPU.ActiveCfg = Debug|Any CPU
		{ECE0B088-CED7-4481-A6ED-9B9CB0288F5D}.Debug|Any CPU.Build.0 = Debug|Any CPU
		{ECE0B088-CED7-4481-A6ED-9B9CB0288F5D}.Debug|x64.ActiveCfg = Debug|x64
		{ECE0B088-CED7-4481-A6ED-9B9CB0288F5D}.Debug|x64.Build.0 = Debug|x64
		{ECE0B088-CED7-4481-A6ED-9B9CB0288F5D}.Debug|x86.ActiveCfg = Debug|x86
		{ECE0B088-CED7-4481-A6ED-9B9CB0288F5D}.Debug|x86.Build.0 = Debug|x86
		{ECE0B088-CED7-4481-A6ED-9B9CB0288F5D}.Release|Any CPU.ActiveCfg = Release|Any CPU
		{ECE0B088-CED7-4481-A6ED-9B9CB0288F5D}.Release|Any CPU.Build.0 = Release|Any CPU
		{ECE0B088-CED7-4481-A6ED-9B9CB0288F5D}.Release|x64.ActiveCfg = Release|x64
		{ECE0B088-CED7-4481-A6ED-9B9CB0288F5D}.Release|x64.Build.0 = Release|x64
		{ECE0B088-CED7-4481-A6ED-9B9CB0288F5D}.Release|x86.ActiveCfg = Release|x86
		{ECE0B088-CED7-4481-A6ED-9B9CB0288F5D}.Release|x86.Build.0 = Release|x86
		{EF637B56-E0CB-4992-9FD3-6555C66D2E9D}.Debug|Any CPU.ActiveCfg = Debug|Any CPU
		{EF637B56-E0CB-4992-9FD3-6555C66D2E9D}.Debug|Any CPU.Build.0 = Debug|Any CPU
		{EF637B56-E0CB-4992-9FD3-6555C66D2E9D}.Debug|x64.ActiveCfg = Debug|x64
		{EF637B56-E0CB-4992-9FD3-6555C66D2E9D}.Debug|x64.Build.0 = Debug|x64
		{EF637B56-E0CB-4992-9FD3-6555C66D2E9D}.Debug|x86.ActiveCfg = Debug|x86
		{EF637B56-E0CB-4992-9FD3-6555C66D2E9D}.Debug|x86.Build.0 = Debug|x86
		{EF637B56-E0CB-4992-9FD3-6555C66D2E9D}.Release|Any CPU.ActiveCfg = Release|Any CPU
		{EF637B56-E0CB-4992-9FD3-6555C66D2E9D}.Release|Any CPU.Build.0 = Release|Any CPU
		{EF637B56-E0CB-4992-9FD3-6555C66D2E9D}.Release|x64.ActiveCfg = Release|x64
		{EF637B56-E0CB-4992-9FD3-6555C66D2E9D}.Release|x64.Build.0 = Release|x64
		{EF637B56-E0CB-4992-9FD3-6555C66D2E9D}.Release|x86.ActiveCfg = Release|x86
		{EF637B56-E0CB-4992-9FD3-6555C66D2E9D}.Release|x86.Build.0 = Release|x86
		{4907A732-05AC-4E3D-8BEE-D937078658C5}.Debug|Any CPU.ActiveCfg = Debug|Any CPU
		{4907A732-05AC-4E3D-8BEE-D937078658C5}.Debug|Any CPU.Build.0 = Debug|Any CPU
		{4907A732-05AC-4E3D-8BEE-D937078658C5}.Debug|x64.ActiveCfg = Debug|x64
		{4907A732-05AC-4E3D-8BEE-D937078658C5}.Debug|x64.Build.0 = Debug|x64
		{4907A732-05AC-4E3D-8BEE-D937078658C5}.Debug|x86.ActiveCfg = Debug|x86
		{4907A732-05AC-4E3D-8BEE-D937078658C5}.Debug|x86.Build.0 = Debug|x86
		{4907A732-05AC-4E3D-8BEE-D937078658C5}.Release|Any CPU.ActiveCfg = Release|Any CPU
		{4907A732-05AC-4E3D-8BEE-D937078658C5}.Release|Any CPU.Build.0 = Release|Any CPU
		{4907A732-05AC-4E3D-8BEE-D937078658C5}.Release|x64.ActiveCfg = Release|x64
		{4907A732-05AC-4E3D-8BEE-D937078658C5}.Release|x64.Build.0 = Release|x64
		{4907A732-05AC-4E3D-8BEE-D937078658C5}.Release|x86.ActiveCfg = Release|x86
		{4907A732-05AC-4E3D-8BEE-D937078658C5}.Release|x86.Build.0 = Release|x86
		{955D99A9-A543-48E7-BBE2-BF5325D35FA6}.Debug|Any CPU.ActiveCfg = Debug|Any CPU
		{955D99A9-A543-48E7-BBE2-BF5325D35FA6}.Debug|Any CPU.Build.0 = Debug|Any CPU
		{955D99A9-A543-48E7-BBE2-BF5325D35FA6}.Debug|x64.ActiveCfg = Debug|x64
		{955D99A9-A543-48E7-BBE2-BF5325D35FA6}.Debug|x64.Build.0 = Debug|x64
		{955D99A9-A543-48E7-BBE2-BF5325D35FA6}.Debug|x86.ActiveCfg = Debug|x86
		{955D99A9-A543-48E7-BBE2-BF5325D35FA6}.Debug|x86.Build.0 = Debug|x86
		{955D99A9-A543-48E7-BBE2-BF5325D35FA6}.Release|Any CPU.ActiveCfg = Release|Any CPU
		{955D99A9-A543-48E7-BBE2-BF5325D35FA6}.Release|Any CPU.Build.0 = Release|Any CPU
		{955D99A9-A543-48E7-BBE2-BF5325D35FA6}.Release|x64.ActiveCfg = Release|x64
		{955D99A9-A543-48E7-BBE2-BF5325D35FA6}.Release|x64.Build.0 = Release|x64
		{955D99A9-A543-48E7-BBE2-BF5325D35FA6}.Release|x86.ActiveCfg = Release|x86
		{955D99A9-A543-48E7-BBE2-BF5325D35FA6}.Release|x86.Build.0 = Release|x86
		{BACEDE0A-5B51-4BC5-BCDE-8F852951A657}.Debug|Any CPU.ActiveCfg = Debug|Any CPU
		{BACEDE0A-5B51-4BC5-BCDE-8F852951A657}.Debug|Any CPU.Build.0 = Debug|Any CPU
		{BACEDE0A-5B51-4BC5-BCDE-8F852951A657}.Debug|x64.ActiveCfg = Debug|x64
		{BACEDE0A-5B51-4BC5-BCDE-8F852951A657}.Debug|x64.Build.0 = Debug|x64
		{BACEDE0A-5B51-4BC5-BCDE-8F852951A657}.Debug|x86.ActiveCfg = Debug|x86
		{BACEDE0A-5B51-4BC5-BCDE-8F852951A657}.Debug|x86.Build.0 = Debug|x86
		{BACEDE0A-5B51-4BC5-BCDE-8F852951A657}.Release|Any CPU.ActiveCfg = Release|Any CPU
		{BACEDE0A-5B51-4BC5-BCDE-8F852951A657}.Release|Any CPU.Build.0 = Release|Any CPU
		{BACEDE0A-5B51-4BC5-BCDE-8F852951A657}.Release|x64.ActiveCfg = Release|x64
		{BACEDE0A-5B51-4BC5-BCDE-8F852951A657}.Release|x64.Build.0 = Release|x64
		{BACEDE0A-5B51-4BC5-BCDE-8F852951A657}.Release|x86.ActiveCfg = Release|x86
		{BACEDE0A-5B51-4BC5-BCDE-8F852951A657}.Release|x86.Build.0 = Release|x86
		{815AB610-B283-49EB-AE70-4D22B96FAF73}.Debug|Any CPU.ActiveCfg = Debug|Any CPU
		{815AB610-B283-49EB-AE70-4D22B96FAF73}.Debug|Any CPU.Build.0 = Debug|Any CPU
		{815AB610-B283-49EB-AE70-4D22B96FAF73}.Debug|x64.ActiveCfg = Debug|x64
		{815AB610-B283-49EB-AE70-4D22B96FAF73}.Debug|x64.Build.0 = Debug|x64
		{815AB610-B283-49EB-AE70-4D22B96FAF73}.Debug|x86.ActiveCfg = Debug|x86
		{815AB610-B283-49EB-AE70-4D22B96FAF73}.Debug|x86.Build.0 = Debug|x86
		{815AB610-B283-49EB-AE70-4D22B96FAF73}.Release|Any CPU.ActiveCfg = Release|Any CPU
		{815AB610-B283-49EB-AE70-4D22B96FAF73}.Release|Any CPU.Build.0 = Release|Any CPU
		{815AB610-B283-49EB-AE70-4D22B96FAF73}.Release|x64.ActiveCfg = Release|x64
		{815AB610-B283-49EB-AE70-4D22B96FAF73}.Release|x64.Build.0 = Release|x64
		{815AB610-B283-49EB-AE70-4D22B96FAF73}.Release|x86.ActiveCfg = Release|x86
		{815AB610-B283-49EB-AE70-4D22B96FAF73}.Release|x86.Build.0 = Release|x86
	EndGlobalSection
	GlobalSection(SolutionProperties) = preSolution
		HideSolutionNode = FALSE
	EndGlobalSection
EndGlobal
